// !$*UTF8*$!
{
	archiveVersion = 1;
	classes = {
	};
	objectVersion = 50;
	objects = {

/* Begin PBXBuildFile section */
		0533960122D1A4490016BB07 /* AppDelegate.swift in Sources */ = {isa = PBXBuildFile; fileRef = 0533960022D1A4490016BB07 /* AppDelegate.swift */; };
		0533960322D1A4490016BB07 /* ViewController.swift in Sources */ = {isa = PBXBuildFile; fileRef = 0533960222D1A4490016BB07 /* ViewController.swift */; };
		0533960622D1A4490016BB07 /* Main.storyboard in Resources */ = {isa = PBXBuildFile; fileRef = 0533960422D1A4490016BB07 /* Main.storyboard */; };
		0533960822D1A44C0016BB07 /* Assets.xcassets in Resources */ = {isa = PBXBuildFile; fileRef = 0533960722D1A44C0016BB07 /* Assets.xcassets */; };
		0533960B22D1A44C0016BB07 /* LaunchScreen.storyboard in Resources */ = {isa = PBXBuildFile; fileRef = 0533960922D1A44C0016BB07 /* LaunchScreen.storyboard */; };
		0533961622D1A44D0016BB07 /* WePayTests.swift in Sources */ = {isa = PBXBuildFile; fileRef = 0533961522D1A44D0016BB07 /* WePayTests.swift */; };
/* End PBXBuildFile section */

/* Begin PBXContainerItemProxy section */
		0533961222D1A44D0016BB07 /* PBXContainerItemProxy */ = {
			isa = PBXContainerItemProxy;
			containerPortal = 053395F522D1A4490016BB07 /* Project object */;
			proxyType = 1;
			remoteGlobalIDString = 053395FC22D1A4490016BB07;
			remoteInfo = WePay;
		};
/* End PBXContainerItemProxy section */

/* Begin PBXFileReference section */
		053395FD22D1A4490016BB07 /* WePay.app */ = {isa = PBXFileReference; explicitFileType = wrapper.application; includeInIndex = 0; path = WePay.app; sourceTree = BUILT_PRODUCTS_DIR; };
		0533960022D1A4490016BB07 /* AppDelegate.swift */ = {isa = PBXFileReference; lastKnownFileType = sourcecode.swift; path = AppDelegate.swift; sourceTree = "<group>"; };
		0533960222D1A4490016BB07 /* ViewController.swift */ = {isa = PBXFileReference; lastKnownFileType = sourcecode.swift; path = ViewController.swift; sourceTree = "<group>"; };
		0533960522D1A4490016BB07 /* Base */ = {isa = PBXFileReference; lastKnownFileType = file.storyboard; name = Base; path = Base.lproj/Main.storyboard; sourceTree = "<group>"; };
		0533960722D1A44C0016BB07 /* Assets.xcassets */ = {isa = PBXFileReference; lastKnownFileType = folder.assetcatalog; path = Assets.xcassets; sourceTree = "<group>"; };
		0533960A22D1A44C0016BB07 /* Base */ = {isa = PBXFileReference; lastKnownFileType = file.storyboard; name = Base; path = Base.lproj/LaunchScreen.storyboard; sourceTree = "<group>"; };
		0533960C22D1A44C0016BB07 /* Info.plist */ = {isa = PBXFileReference; lastKnownFileType = text.plist.xml; path = Info.plist; sourceTree = "<group>"; };
		0533961122D1A44D0016BB07 /* WePayTests.xctest */ = {isa = PBXFileReference; explicitFileType = wrapper.cfbundle; includeInIndex = 0; path = WePayTests.xctest; sourceTree = BUILT_PRODUCTS_DIR; };
		0533961522D1A44D0016BB07 /* WePayTests.swift */ = {isa = PBXFileReference; lastKnownFileType = sourcecode.swift; path = WePayTests.swift; sourceTree = "<group>"; };
		0533961722D1A44D0016BB07 /* Info.plist */ = {isa = PBXFileReference; lastKnownFileType = text.plist.xml; path = Info.plist; sourceTree = "<group>"; };
/* End PBXFileReference section */

/* Begin PBXFrameworksBuildPhase section */
		053395FA22D1A4490016BB07 /* Frameworks */ = {
			isa = PBXFrameworksBuildPhase;
			buildActionMask = 2147483647;
			files = (
			);
			runOnlyForDeploymentPostprocessing = 0;
		};
		0533960E22D1A44D0016BB07 /* Frameworks */ = {
			isa = PBXFrameworksBuildPhase;
			buildActionMask = 2147483647;
			files = (
			);
			runOnlyForDeploymentPostprocessing = 0;
		};
/* End PBXFrameworksBuildPhase section */

/* Begin PBXGroup section */
		053395F422D1A4490016BB07 = {
			isa = PBXGroup;
			children = (
				053395FF22D1A4490016BB07 /* WePay */,
				0533961422D1A44D0016BB07 /* WePayTests */,
				053395FE22D1A4490016BB07 /* Products */,
			);
			sourceTree = "<group>";
		};
		053395FE22D1A4490016BB07 /* Products */ = {
			isa = PBXGroup;
			children = (
				053395FD22D1A4490016BB07 /* WePay.app */,
				0533961122D1A44D0016BB07 /* WePayTests.xctest */,
			);
			name = Products;
			sourceTree = "<group>";
		};
		053395FF22D1A4490016BB07 /* WePay */ = {
			isa = PBXGroup;
			children = (
				0533960022D1A4490016BB07 /* AppDelegate.swift */,
				0533960222D1A4490016BB07 /* ViewController.swift */,
				0533960422D1A4490016BB07 /* Main.storyboard */,
				0533960722D1A44C0016BB07 /* Assets.xcassets */,
				0533960922D1A44C0016BB07 /* LaunchScreen.storyboard */,
				0533960C22D1A44C0016BB07 /* Info.plist */,
			);
			path = WePay;
			sourceTree = "<group>";
		};
		0533961422D1A44D0016BB07 /* WePayTests */ = {
			isa = PBXGroup;
			children = (
				0533961522D1A44D0016BB07 /* WePayTests.swift */,
				0533961722D1A44D0016BB07 /* Info.plist */,
			);
			path = WePayTests;
			sourceTree = "<group>";
		};
/* End PBXGroup section */

/* Begin PBXNativeTarget section */
		053395FC22D1A4490016BB07 /* WePay */ = {
			isa = PBXNativeTarget;
			buildConfigurationList = 0533961A22D1A44D0016BB07 /* Build configuration list for PBXNativeTarget "WePay" */;
			buildPhases = (
				053395F922D1A4490016BB07 /* Sources */,
				053395FA22D1A4490016BB07 /* Frameworks */,
				053395FB22D1A4490016BB07 /* Resources */,
			);
			buildRules = (
			);
			dependencies = (
			);
			name = WePay;
			productName = WePay;
			productReference = 053395FD22D1A4490016BB07 /* WePay.app */;
			productType = "com.apple.product-type.application";
		};
		0533961022D1A44D0016BB07 /* WePayTests */ = {
			isa = PBXNativeTarget;
			buildConfigurationList = 0533961D22D1A44D0016BB07 /* Build configuration list for PBXNativeTarget "WePayTests" */;
			buildPhases = (
				0533960D22D1A44D0016BB07 /* Sources */,
				0533960E22D1A44D0016BB07 /* Frameworks */,
				0533960F22D1A44D0016BB07 /* Resources */,
			);
			buildRules = (
			);
			dependencies = (
				0533961322D1A44D0016BB07 /* PBXTargetDependency */,
			);
			name = WePayTests;
			productName = WePayTests;
			productReference = 0533961122D1A44D0016BB07 /* WePayTests.xctest */;
			productType = "com.apple.product-type.bundle.unit-test";
		};
/* End PBXNativeTarget section */

/* Begin PBXProject section */
		053395F522D1A4490016BB07 /* Project object */ = {
			isa = PBXProject;
			attributes = {
				LastSwiftUpdateCheck = 1020;
				LastUpgradeCheck = 1020;
				ORGANIZATIONNAME = Wallance;
				TargetAttributes = {
					053395FC22D1A4490016BB07 = {
						CreatedOnToolsVersion = 10.2.1;
					};
					0533961022D1A44D0016BB07 = {
						CreatedOnToolsVersion = 10.2.1;
						TestTargetID = 053395FC22D1A4490016BB07;
					};
				};
			};
			buildConfigurationList = 053395F822D1A4490016BB07 /* Build configuration list for PBXProject "WePay" */;
			compatibilityVersion = "Xcode 9.3";
			developmentRegion = en;
			hasScannedForEncodings = 0;
			knownRegions = (
				en,
				Base,
			);
			mainGroup = 053395F422D1A4490016BB07;
			productRefGroup = 053395FE22D1A4490016BB07 /* Products */;
			projectDirPath = "";
			projectRoot = "";
			targets = (
				053395FC22D1A4490016BB07 /* WePay */,
				0533961022D1A44D0016BB07 /* WePayTests */,
			);
		};
/* End PBXProject section */

/* Begin PBXResourcesBuildPhase section */
		053395FB22D1A4490016BB07 /* Resources */ = {
			isa = PBXResourcesBuildPhase;
			buildActionMask = 2147483647;
			files = (
				0533960B22D1A44C0016BB07 /* LaunchScreen.storyboard in Resources */,
				0533960822D1A44C0016BB07 /* Assets.xcassets in Resources */,
				0533960622D1A4490016BB07 /* Main.storyboard in Resources */,
			);
			runOnlyForDeploymentPostprocessing = 0;
		};
		0533960F22D1A44D0016BB07 /* Resources */ = {
			isa = PBXResourcesBuildPhase;
			buildActionMask = 2147483647;
			files = (
			);
			runOnlyForDeploymentPostprocessing = 0;
		};
/* End PBXResourcesBuildPhase section */

/* Begin PBXSourcesBuildPhase section */
		053395F922D1A4490016BB07 /* Sources */ = {
			isa = PBXSourcesBuildPhase;
			buildActionMask = 2147483647;
			files = (
				0533960322D1A4490016BB07 /* ViewController.swift in Sources */,
				0533960122D1A4490016BB07 /* AppDelegate.swift in Sources */,
			);
			runOnlyForDeploymentPostprocessing = 0;
		};
		0533960D22D1A44D0016BB07 /* Sources */ = {
			isa = PBXSourcesBuildPhase;
			buildActionMask = 2147483647;
			files = (
				0533961622D1A44D0016BB07 /* WePayTests.swift in Sources */,
			);
			runOnlyForDeploymentPostprocessing = 0;
		};
/* End PBXSourcesBuildPhase section */

/* Begin PBXTargetDependency section */
		0533961322D1A44D0016BB07 /* PBXTargetDependency */ = {
			isa = PBXTargetDependency;
			target = 053395FC22D1A4490016BB07 /* WePay */;
			targetProxy = 0533961222D1A44D0016BB07 /* PBXContainerItemProxy */;
		};
/* End PBXTargetDependency section */

/* Begin PBXVariantGroup section */
		0533960422D1A4490016BB07 /* Main.storyboard */ = {
			isa = PBXVariantGroup;
			children = (
				0533960522D1A4490016BB07 /* Base */,
			);
			name = Main.storyboard;
			sourceTree = "<group>";
		};
		0533960922D1A44C0016BB07 /* LaunchScreen.storyboard */ = {
			isa = PBXVariantGroup;
			children = (
				0533960A22D1A44C0016BB07 /* Base */,
			);
			name = LaunchScreen.storyboard;
			sourceTree = "<group>";
		};
/* End PBXVariantGroup section */

/* Begin XCBuildConfiguration section */
		0533961822D1A44D0016BB07 /* Debug */ = {
			isa = XCBuildConfiguration;
			buildSettings = {
				ALWAYS_SEARCH_USER_PATHS = NO;
				CLANG_ANALYZER_NONNULL = YES;
				CLANG_ANALYZER_NUMBER_OBJECT_CONVERSION = YES_AGGRESSIVE;
				CLANG_CXX_LANGUAGE_STANDARD = "gnu++14";
				CLANG_CXX_LIBRARY = "libc++";
				CLANG_ENABLE_MODULES = YES;
				CLANG_ENABLE_OBJC_ARC = YES;
				CLANG_ENABLE_OBJC_WEAK = YES;
				CLANG_WARN_BLOCK_CAPTURE_AUTORELEASING = YES;
				CLANG_WARN_BOOL_CONVERSION = YES;
				CLANG_WARN_COMMA = YES;
				CLANG_WARN_CONSTANT_CONVERSION = YES;
				CLANG_WARN_DEPRECATED_OBJC_IMPLEMENTATIONS = YES;
				CLANG_WARN_DIRECT_OBJC_ISA_USAGE = YES_ERROR;
				CLANG_WARN_DOCUMENTATION_COMMENTS = YES;
				CLANG_WARN_EMPTY_BODY = YES;
				CLANG_WARN_ENUM_CONVERSION = YES;
				CLANG_WARN_INFINITE_RECURSION = YES;
				CLANG_WARN_INT_CONVERSION = YES;
				CLANG_WARN_NON_LITERAL_NULL_CONVERSION = YES;
				CLANG_WARN_OBJC_IMPLICIT_RETAIN_SELF = YES;
				CLANG_WARN_OBJC_LITERAL_CONVERSION = YES;
				CLANG_WARN_OBJC_ROOT_CLASS = YES_ERROR;
				CLANG_WARN_RANGE_LOOP_ANALYSIS = YES;
				CLANG_WARN_STRICT_PROTOTYPES = YES;
				CLANG_WARN_SUSPICIOUS_MOVE = YES;
				CLANG_WARN_UNGUARDED_AVAILABILITY = YES_AGGRESSIVE;
				CLANG_WARN_UNREACHABLE_CODE = YES;
				CLANG_WARN__DUPLICATE_METHOD_MATCH = YES;
				CODE_SIGN_IDENTITY = "iPhone Developer";
				COPY_PHASE_STRIP = NO;
				DEBUG_INFORMATION_FORMAT = dwarf;
				ENABLE_STRICT_OBJC_MSGSEND = YES;
				ENABLE_TESTABILITY = YES;
				GCC_C_LANGUAGE_STANDARD = gnu11;
				GCC_DYNAMIC_NO_PIC = NO;
				GCC_NO_COMMON_BLOCKS = YES;
				GCC_OPTIMIZATION_LEVEL = 0;
				GCC_PREPROCESSOR_DEFINITIONS = (
					"DEBUG=1",
					"$(inherited)",
				);
				GCC_WARN_64_TO_32_BIT_CONVERSION = YES;
				GCC_WARN_ABOUT_RETURN_TYPE = YES_ERROR;
				GCC_WARN_UNDECLARED_SELECTOR = YES;
				GCC_WARN_UNINITIALIZED_AUTOS = YES_AGGRESSIVE;
				GCC_WARN_UNUSED_FUNCTION = YES;
				GCC_WARN_UNUSED_VARIABLE = YES;
				IPHONEOS_DEPLOYMENT_TARGET = 12.2;
				MTL_ENABLE_DEBUG_INFO = INCLUDE_SOURCE;
				MTL_FAST_MATH = YES;
				ONLY_ACTIVE_ARCH = YES;
				SDKROOT = iphoneos;
				SWIFT_ACTIVE_COMPILATION_CONDITIONS = DEBUG;
				SWIFT_OPTIMIZATION_LEVEL = "-Onone";
			};
			name = Debug;
		};
		0533961922D1A44D0016BB07 /* Release */ = {
			isa = XCBuildConfiguration;
			buildSettings = {
				ALWAYS_SEARCH_USER_PATHS = NO;
				CLANG_ANALYZER_NONNULL = YES;
				CLANG_ANALYZER_NUMBER_OBJECT_CONVERSION = YES_AGGRESSIVE;
				CLANG_CXX_LANGUAGE_STANDARD = "gnu++14";
				CLANG_CXX_LIBRARY = "libc++";
				CLANG_ENABLE_MODULES = YES;
				CLANG_ENABLE_OBJC_ARC = YES;
				CLANG_ENABLE_OBJC_WEAK = YES;
				CLANG_WARN_BLOCK_CAPTURE_AUTORELEASING = YES;
				CLANG_WARN_BOOL_CONVERSION = YES;
				CLANG_WARN_COMMA = YES;
				CLANG_WARN_CONSTANT_CONVERSION = YES;
				CLANG_WARN_DEPRECATED_OBJC_IMPLEMENTATIONS = YES;
				CLANG_WARN_DIRECT_OBJC_ISA_USAGE = YES_ERROR;
				CLANG_WARN_DOCUMENTATION_COMMENTS = YES;
				CLANG_WARN_EMPTY_BODY = YES;
				CLANG_WARN_ENUM_CONVERSION = YES;
				CLANG_WARN_INFINITE_RECURSION = YES;
				CLANG_WARN_INT_CONVERSION = YES;
				CLANG_WARN_NON_LITERAL_NULL_CONVERSION = YES;
				CLANG_WARN_OBJC_IMPLICIT_RETAIN_SELF = YES;
				CLANG_WARN_OBJC_LITERAL_CONVERSION = YES;
				CLANG_WARN_OBJC_ROOT_CLASS = YES_ERROR;
				CLANG_WARN_RANGE_LOOP_ANALYSIS = YES;
				CLANG_WARN_STRICT_PROTOTYPES = YES;
				CLANG_WARN_SUSPICIOUS_MOVE = YES;
				CLANG_WARN_UNGUARDED_AVAILABILITY = YES_AGGRESSIVE;
				CLANG_WARN_UNREACHABLE_CODE = YES;
				CLANG_WARN__DUPLICATE_METHOD_MATCH = YES;
				CODE_SIGN_IDENTITY = "iPhone Developer";
				COPY_PHASE_STRIP = NO;
				DEBUG_INFORMATION_FORMAT = "dwarf-with-dsym";
				ENABLE_NS_ASSERTIONS = NO;
				ENABLE_STRICT_OBJC_MSGSEND = YES;
				GCC_C_LANGUAGE_STANDARD = gnu11;
				GCC_NO_COMMON_BLOCKS = YES;
				GCC_WARN_64_TO_32_BIT_CONVERSION = YES;
				GCC_WARN_ABOUT_RETURN_TYPE = YES_ERROR;
				GCC_WARN_UNDECLARED_SELECTOR = YES;
				GCC_WARN_UNINITIALIZED_AUTOS = YES_AGGRESSIVE;
				GCC_WARN_UNUSED_FUNCTION = YES;
				GCC_WARN_UNUSED_VARIABLE = YES;
				IPHONEOS_DEPLOYMENT_TARGET = 12.2;
				MTL_ENABLE_DEBUG_INFO = NO;
				MTL_FAST_MATH = YES;
				SDKROOT = iphoneos;
				SWIFT_COMPILATION_MODE = wholemodule;
				SWIFT_OPTIMIZATION_LEVEL = "-O";
				VALIDATE_PRODUCT = YES;
			};
			name = Release;
		};
		0533961B22D1A44D0016BB07 /* Debug */ = {
			isa = XCBuildConfiguration;
			buildSettings = {
				ASSETCATALOG_COMPILER_APPICON_NAME = AppIcon;
				CODE_SIGN_STYLE = Automatic;
				INFOPLIST_FILE = WePay/Info.plist;
				LD_RUNPATH_SEARCH_PATHS = (
					"$(inherited)",
					"@executable_path/Frameworks",
				);
				PRODUCT_BUNDLE_IDENTIFIER = zzl.WePay;
				PRODUCT_NAME = "$(TARGET_NAME)";
				SWIFT_VERSION = 5.0;
				TARGETED_DEVICE_FAMILY = "1,2";
			};
			name = Debug;
		};
		0533961C22D1A44D0016BB07 /* Release */ = {
			isa = XCBuildConfiguration;
			buildSettings = {
				ASSETCATALOG_COMPILER_APPICON_NAME = AppIcon;
				CODE_SIGN_STYLE = Automatic;
				INFOPLIST_FILE = WePay/Info.plist;
				LD_RUNPATH_SEARCH_PATHS = (
					"$(inherited)",
					"@executable_path/Frameworks",
				);
				PRODUCT_BUNDLE_IDENTIFIER = zzl.WePay;
				PRODUCT_NAME = "$(TARGET_NAME)";
				SWIFT_VERSION = 5.0;
				TARGETED_DEVICE_FAMILY = "1,2";
			};
			name = Release;
		};
		0533961E22D1A44D0016BB07 /* Debug */ = {
			isa = XCBuildConfiguration;
			buildSettings = {
				ALWAYS_EMBED_SWIFT_STANDARD_LIBRARIES = YES;
				BUNDLE_LOADER = "$(TEST_HOST)";
				CODE_SIGN_STYLE = Automatic;
				INFOPLIST_FILE = WePayTests/Info.plist;
				LD_RUNPATH_SEARCH_PATHS = (
					"$(inherited)",
					"@executable_path/Frameworks",
					"@loader_path/Frameworks",
				);
				PRODUCT_BUNDLE_IDENTIFIER = zzl.WePayTests;
				PRODUCT_NAME = "$(TARGET_NAME)";
				SWIFT_VERSION = 5.0;
				TARGETED_DEVICE_FAMILY = "1,2";
				TEST_HOST = "$(BUILT_PRODUCTS_DIR)/WePay.app/WePay";
			};
			name = Debug;
		};
		0533961F22D1A44D0016BB07 /* Release */ = {
			isa = XCBuildConfiguration;
			buildSettings = {
				ALWAYS_EMBED_SWIFT_STANDARD_LIBRARIES = YES;
				BUNDLE_LOADER = "$(TEST_HOST)";
				CODE_SIGN_STYLE = Automatic;
				INFOPLIST_FILE = WePayTests/Info.plist;
				LD_RUNPATH_SEARCH_PATHS = (
					"$(inherited)",
					"@executable_path/Frameworks",
					"@loader_path/Frameworks",
				);
				PRODUCT_BUNDLE_IDENTIFIER = zzl.WePayTests;
				PRODUCT_NAME = "$(TARGET_NAME)";
				SWIFT_VERSION = 5.0;
				TARGETED_DEVICE_FAMILY = "1,2";
				TEST_HOST = "$(BUILT_PRODUCTS_DIR)/WePay.app/WePay";
			};
			name = Release;
		};
/* End XCBuildConfiguration section */

/* Begin XCConfigurationList section */
		053395F822D1A4490016BB07 /* Build configuration list for PBXProject "WePay" */ = {
			isa = XCConfigurationList;
			buildConfigurations = (
				0533961822D1A44D0016BB07 /* Debug */,
				0533961922D1A44D0016BB07 /* Release */,
			);
			defaultConfigurationIsVisible = 0;
			defaultConfigurationName = Release;
		};
		0533961A22D1A44D0016BB07 /* Build configuration list for PBXNativeTarget "WePay" */ = {
			isa = XCConfigurationList;
			buildConfigurations = (
				0533961B22D1A44D0016BB07 /* Debug */,
				0533961C22D1A44D0016BB07 /* Release */,
			);
			defaultConfigurationIsVisible = 0;
			defaultConfigurationName = Release;
		};
		0533961D22D1A44D0016BB07 /* Build configuration list for PBXNativeTarget "WePayTests" */ = {
			isa = XCConfigurationList;
			buildConfigurations = (
				0533961E22D1A44D0016BB07 /* Debug */,
				0533961F22D1A44D0016BB07 /* Release */,
			);
			defaultConfigurationIsVisible = 0;
			defaultConfigurationName = Release;
		};
/* End XCConfigurationList section */
	};
	rootObject = 053395F522D1A4490016BB07 /* Project object */;
}
